# GENERATED FILE - DO NOT EDIT DIRECTLY
schema_version: 1

bundle:
  version: "0.8.0-dev"
  release_sequence: 0
  channel: "development"
  source_tree_digest: "sha256:da079d38b13dab5f947f6982a6cd1c3cb5e72671b17922b268e8da70c3201823"
  digest: "sha256:10c3788edaa293048e6dc83c036793a39d7b82aedf997388bb191d2abd80874e"

projection:
  input_digest: "sha256:0180da1318a1e4f085a5ab151c494b79d440c152782548719a64870c0c6bb2ed"
  output_digest: "sha256:84af42eca97f9703f3675a2c88a2c94ed65e4bbf116e6fb38eff39ceb7eecf84"
  files:
    - path: ".gds/compiled-policy.json"
      digest: "sha256:6f9abe685bfd2e02e6ea600e045462a0ba491a7e7fa04a8abf1576326b91f3be"
