# GENERATED FILE - DO NOT EDIT DIRECTLY
schema_version: 1

bundle:
  version: "0.4.0-dev"
  release_sequence: 0
  channel: "development"
  source_tree_digest: "sha256:b331fe20de85aba37585fba42c24fcc19d52f1b61625b78ef7b2f3e1f38ba75c"
  digest: "sha256:9bc36b13cbe256f3b3284a26e074788a7e325eea9a31e71d8e7da85f2adb7244"

projection:
  input_digest: "sha256:e8f0b87e54278f5d0c066d84a60f92e5a75987dfbdd9e742ac4949ee66dffbb3"
  output_digest: "sha256:098dc3f27e1ba6b7a73ee3d3657f25476b75b1e07145c89cc981da7c6042b4d1"
  files:
    - path: ".gds/compiled-policy.json"
      digest: "sha256:06c103c066874aeaea64589ffc5cffc6ef489de0c4546895a6f80e5d3825e419"
